// !$*UTF8*$!
{
	archiveVersion = 1;
	classes = {
	};
	objectVersion = 46;
	objects = {

/* Begin PBXBuildFile section */
		6A9FCCF51F3A096A00D4FE8B /* AppDelegate.swift in Sources */ = {isa = PBXBuildFile; fileRef = 6A9FCCF41F3A096A00D4FE8B /* AppDelegate.swift */; };
		6A9FCCF71F3A096A00D4FE8B /* MainGameViewController.swift in Sources */ = {isa = PBXBuildFile; fileRef = 6A9FCCF61F3A096A00D4FE8B /* MainGameViewController.swift */; };
		6A9FCCFA1F3A096A00D4FE8B /* Main.storyboard in Resources */ = {isa = PBXBuildFile; fileRef = 6A9FCCF81F3A096A00D4FE8B /* Main.storyboard */; };
		6A9FCCFC1F3A096A00D4FE8B /* Assets.xcassets in Resources */ = {isa = PBXBuildFile; fileRef = 6A9FCCFB1F3A096A00D4FE8B /* Assets.xcassets */; };
		6A9FCCFF1F3A096A00D4FE8B /* LaunchScreen.storyboard in Resources */ = {isa = PBXBuildFile; fileRef = 6A9FCCFD1F3A096A00D4FE8B /* LaunchScreen.storyboard */; };
		6AE4CEE81F3A296800AA6B64 /* Logic.swift in Sources */ = {isa = PBXBuildFile; fileRef = 6AE4CEE71F3A296800AA6B64 /* Logic.swift */; };
/* End PBXBuildFile section */

/* Begin PBXFileReference section */
		6A9FCCF11F3A096A00D4FE8B /* Lockpicker.app */ = {isa = PBXFileReference; explicitFileType = wrapper.application; includeInIndex = 0; path = Lockpicker.app; sourceTree = BUILT_PRODUCTS_DIR; };
		6A9FCCF41F3A096A00D4FE8B /* AppDelegate.swift */ = {isa = PBXFileReference; lastKnownFileType = sourcecode.swift; path = AppDelegate.swift; sourceTree = "<group>"; };
		6A9FCCF61F3A096A00D4FE8B /* MainGameViewController.swift */ = {isa = PBXFileReference; lastKnownFileType = sourcecode.swift; path = MainGameViewController.swift; sourceTree = "<group>"; };
		6A9FCCF91F3A096A00D4FE8B /* Base */ = {isa = PBXFileReference; lastKnownFileType = file.storyboard; name = Base; path = Base.lproj/Main.storyboard; sourceTree = "<group>"; };
		6A9FCCFB1F3A096A00D4FE8B /* Assets.xcassets */ = {isa = PBXFileReference; lastKnownFileType = folder.assetcatalog; path = Assets.xcassets; sourceTree = "<group>"; };
		6A9FCCFE1F3A096A00D4FE8B /* Base */ = {isa = PBXFileReference; lastKnownFileType = file.storyboard; name = Base; path = Base.lproj/LaunchScreen.storyboard; sourceTree = "<group>"; };
		6A9FCD001F3A096A00D4FE8B /* Info.plist */ = {isa = PBXFileReference; lastKnownFileType = text.plist.xml; path = Info.plist; sourceTree = "<group>"; };
		6AE4CEE71F3A296800AA6B64 /* Logic.swift */ = {isa = PBXFileReference; fileEncoding = 4; lastKnownFileType = sourcecode.swift; name = Logic.swift; path = ../Logic.swift; sourceTree = "<group>"; };
/* End PBXFileReference section */

/* Begin PBXFrameworksBuildPhase section */
		6A9FCCEE1F3A096A00D4FE8B /* Frameworks */ = {
			isa = PBXFrameworksBuildPhase;
			buildActionMask = 2147483647;
			files = (
			);
			runOnlyForDeploymentPostprocessing = 0;
		};
/* End PBXFrameworksBuildPhase section */

/* Begin PBXGroup section */
		6A9FCCE81F3A096A00D4FE8B = {
			isa = PBXGroup;
			children = (
				6A9FCCF31F3A096A00D4FE8B /* Lockpicker */,
				6A9FCCF21F3A096A00D4FE8B /* Products */,
			);
			sourceTree = "<group>";
		};
		6A9FCCF21F3A096A00D4FE8B /* Products */ = {
			isa = PBXGroup;
			children = (
				6A9FCCF11F3A096A00D4FE8B /* Lockpicker.app */,
			);
			name = Products;
			sourceTree = "<group>";
		};
		6A9FCCF31F3A096A00D4FE8B /* Lockpicker */ = {
			isa = PBXGroup;
			children = (
				6A9FCD0A1F3A0FA900D4FE8B /* Resources */,
				6A9FCD091F3A0F9B00D4FE8B /* Classes */,
				6A9FCD061F3A0E7E00D4FE8B /* Supporting Files */,
			);
			path = Lockpicker;
			sourceTree = "<group>";
		};
		6A9FCD061F3A0E7E00D4FE8B /* Supporting Files */ = {
			isa = PBXGroup;
			children = (
				6A9FCD001F3A096A00D4FE8B /* Info.plist */,
			);
			name = "Supporting Files";
			sourceTree = "<group>";
		};
		6A9FCD091F3A0F9B00D4FE8B /* Classes */ = {
			isa = PBXGroup;
			children = (
				6A9FCCF61F3A096A00D4FE8B /* MainGameViewController.swift */,
				6AE4CEE71F3A296800AA6B64 /* Logic.swift */,
				6A9FCCF41F3A096A00D4FE8B /* AppDelegate.swift */,
			);
			name = Classes;
			sourceTree = "<group>";
		};
		6A9FCD0A1F3A0FA900D4FE8B /* Resources */ = {
			isa = PBXGroup;
			children = (
				6A9FCCFB1F3A096A00D4FE8B /* Assets.xcassets */,
				6A9FCCF81F3A096A00D4FE8B /* Main.storyboard */,
				6A9FCCFD1F3A096A00D4FE8B /* LaunchScreen.storyboard */,
			);
			name = Resources;
			sourceTree = "<group>";
		};
/* End PBXGroup section */

/* Begin PBXNativeTarget section */
		6A9FCCF01F3A096A00D4FE8B /* Lockpicker */ = {
			isa = PBXNativeTarget;
			buildConfigurationList = 6A9FCD031F3A096A00D4FE8B /* Build configuration list for PBXNativeTarget "Lockpicker" */;
			buildPhases = (
				6A9FCCED1F3A096A00D4FE8B /* Sources */,
				6A9FCCEE1F3A096A00D4FE8B /* Frameworks */,
				6A9FCCEF1F3A096A00D4FE8B /* Resources */,
			);
			buildRules = (
			);
			dependencies = (
			);
			name = Lockpicker;
			productName = Lockpicker;
			productReference = 6A9FCCF11F3A096A00D4FE8B /* Lockpicker.app */;
			productType = "com.apple.product-type.application";
		};
/* End PBXNativeTarget section */

/* Begin PBXProject section */
		6A9FCCE91F3A096A00D4FE8B /* Project object */ = {
			isa = PBXProject;
			attributes = {
				LastSwiftUpdateCheck = 0830;
				LastUpgradeCheck = 0830;
				ORGANIZATIONNAME = "Alex Zanevskiy";
				TargetAttributes = {
					6A9FCCF01F3A096A00D4FE8B = {
						CreatedOnToolsVersion = 8.3.3;
						DevelopmentTeam = M22R2KZW75;
						ProvisioningStyle = Automatic;
					};
				};
			};
			buildConfigurationList = 6A9FCCEC1F3A096A00D4FE8B /* Build configuration list for PBXProject "Lockpicker" */;
			compatibilityVersion = "Xcode 3.2";
			developmentRegion = English;
			hasScannedForEncodings = 0;
			knownRegions = (
				en,
				Base,
			);
			mainGroup = 6A9FCCE81F3A096A00D4FE8B;
			productRefGroup = 6A9FCCF21F3A096A00D4FE8B /* Products */;
			projectDirPath = "";
			projectRoot = "";
			targets = (
				6A9FCCF01F3A096A00D4FE8B /* Lockpicker */,
			);
		};
/* End PBXProject section */

/* Begin PBXResourcesBuildPhase section */
		6A9FCCEF1F3A096A00D4FE8B /* Resources */ = {
			isa = PBXResourcesBuildPhase;
			buildActionMask = 2147483647;
			files = (
				6A9FCCFF1F3A096A00D4FE8B /* LaunchScreen.storyboard in Resources */,
				6A9FCCFC1F3A096A00D4FE8B /* Assets.xcassets in Resources */,
				6A9FCCFA1F3A096A00D4FE8B /* Main.storyboard in Resources */,
			);
			runOnlyForDeploymentPostprocessing = 0;
		};
/* End PBXResourcesBuildPhase section */

/* Begin PBXSourcesBuildPhase section */
		6A9FCCED1F3A096A00D4FE8B /* Sources */ = {
			isa = PBXSourcesBuildPhase;
			buildActionMask = 2147483647;
			files = (
				6A9FCCF71F3A096A00D4FE8B /* MainGameViewController.swift in Sources */,
				6AE4CEE81F3A296800AA6B64 /* Logic.swift in Sources */,
				6A9FCCF51F3A096A00D4FE8B /* AppDelegate.swift in Sources */,
			);
			runOnlyForDeploymentPostprocessing = 0;
		};
/* End PBXSourcesBuildPhase section */

/* Begin PBXVariantGroup section */
		6A9FCCF81F3A096A00D4FE8B /* Main.storyboard */ = {
			isa = PBXVariantGroup;
			children = (
				6A9FCCF91F3A096A00D4FE8B /* Base */,
			);
			name = Main.storyboard;
			sourceTree = "<group>";
		};
		6A9FCCFD1F3A096A00D4FE8B /* LaunchScreen.storyboard */ = {
			isa = PBXVariantGroup;
			children = (
				6A9FCCFE1F3A096A00D4FE8B /* Base */,
			);
			name = LaunchScreen.storyboard;
			sourceTree = "<group>";
		};
/* End PBXVariantGroup section */

/* Begin XCBuildConfiguration section */
		6A9FCD011F3A096A00D4FE8B /* Debug */ = {
			isa = XCBuildConfiguration;
			buildSettings = {
				ALWAYS_SEARCH_USER_PATHS = NO;
				CLANG_ANALYZER_NONNULL = YES;
				CLANG_ANALYZER_NUMBER_OBJECT_CONVERSION = YES_AGGRESSIVE;
				CLANG_CXX_LANGUAGE_STANDARD = "gnu++0x";
				CLANG_CXX_LIBRARY = "libc++";
				CLANG_ENABLE_MODULES = YES;
				CLANG_ENABLE_OBJC_ARC = YES;
				CLANG_WARN_BOOL_CONVERSION = YES;
				CLANG_WARN_CONSTANT_CONVERSION = YES;
				CLANG_WARN_DIRECT_OBJC_ISA_USAGE = YES_ERROR;
				CLANG_WARN_DOCUMENTATION_COMMENTS = YES;
				CLANG_WARN_EMPTY_BODY = YES;
				CLANG_WARN_ENUM_CONVERSION = YES;
				CLANG_WARN_INFINITE_RECURSION = YES;
				CLANG_WARN_INT_CONVERSION = YES;
				CLANG_WARN_OBJC_ROOT_CLASS = YES_ERROR;
				CLANG_WARN_SUSPICIOUS_MOVE = YES;
				CLANG_WARN_UNREACHABLE_CODE = YES;
				CLANG_WARN__DUPLICATE_METHOD_MATCH = YES;
				"CODE_SIGN_IDENTITY[sdk=iphoneos*]" = "iPhone Developer";
				COPY_PHASE_STRIP = NO;
				DEBUG_INFORMATION_FORMAT = dwarf;
				ENABLE_STRICT_OBJC_MSGSEND = YES;
				ENABLE_TESTABILITY = YES;
				GCC_C_LANGUAGE_STANDARD = gnu99;
				GCC_DYNAMIC_NO_PIC = NO;
				GCC_NO_COMMON_BLOCKS = YES;
				GCC_OPTIMIZATION_LEVEL = 0;
				GCC_PREPROCESSOR_DEFINITIONS = (
					"DEBUG=1",
					"$(inherited)",
				);
				GCC_WARN_64_TO_32_BIT_CONVERSION = YES;
				GCC_WARN_ABOUT_RETURN_TYPE = YES_ERROR;
				GCC_WARN_UNDECLARED_SELECTOR = YES;
				GCC_WARN_UNINITIALIZED_AUTOS = YES_AGGRESSIVE;
				GCC_WARN_UNUSED_FUNCTION = YES;
				GCC_WARN_UNUSED_VARIABLE = YES;
				IPHONEOS_DEPLOYMENT_TARGET = 10.3;
				MTL_ENABLE_DEBUG_INFO = YES;
				ONLY_ACTIVE_ARCH = YES;
				SDKROOT = iphoneos;
				SWIFT_ACTIVE_COMPILATION_CONDITIONS = DEBUG;
				SWIFT_OPTIMIZATION_LEVEL = "-Onone";
			};
			name = Debug;
		};
		6A9FCD021F3A096A00D4FE8B /* Release */ = {
			isa = XCBuildConfiguration;
			buildSettings = {
				ALWAYS_SEARCH_USER_PATHS = NO;
				CLANG_ANALYZER_NONNULL = YES;
				CLANG_ANALYZER_NUMBER_OBJECT_CONVERSION = YES_AGGRESSIVE;
				CLANG_CXX_LANGUAGE_STANDARD = "gnu++0x";
				CLANG_CXX_LIBRARY = "libc++";
				CLANG_ENABLE_MODULES = YES;
				CLANG_ENABLE_OBJC_ARC = YES;
				CLANG_WARN_BOOL_CONVERSION = YES;
				CLANG_WARN_CONSTANT_CONVERSION = YES;
				CLANG_WARN_DIRECT_OBJC_ISA_USAGE = YES_ERROR;
				CLANG_WARN_DOCUMENTATION_COMMENTS = YES;
				CLANG_WARN_EMPTY_BODY = YES;
				CLANG_WARN_ENUM_CONVERSION = YES;
				CLANG_WARN_INFINITE_RECURSION = YES;
				CLANG_WARN_INT_CONVERSION = YES;
				CLANG_WARN_OBJC_ROOT_CLASS = YES_ERROR;
				CLANG_WARN_SUSPICIOUS_MOVE = YES;
				CLANG_WARN_UNREACHABLE_CODE = YES;
				CLANG_WARN__DUPLICATE_METHOD_MATCH = YES;
				"CODE_SIGN_IDENTITY[sdk=iphoneos*]" = "iPhone Developer";
				COPY_PHASE_STRIP = NO;
				DEBUG_INFORMATION_FORMAT = "dwarf-with-dsym";
				ENABLE_NS_ASSERTIONS = NO;
				ENABLE_STRICT_OBJC_MSGSEND = YES;
				GCC_C_LANGUAGE_STANDARD = gnu99;
				GCC_NO_COMMON_BLOCKS = YES;
				GCC_WARN_64_TO_32_BIT_CONVERSION = YES;
				GCC_WARN_ABOUT_RETURN_TYPE = YES_ERROR;
				GCC_WARN_UNDECLARED_SELECTOR = YES;
				GCC_WARN_UNINITIALIZED_AUTOS = YES_AGGRESSIVE;
				GCC_WARN_UNUSED_FUNCTION = YES;
				GCC_WARN_UNUSED_VARIABLE = YES;
				IPHONEOS_DEPLOYMENT_TARGET = 10.3;
				MTL_ENABLE_DEBUG_INFO = NO;
				SDKROOT = iphoneos;
				SWIFT_OPTIMIZATION_LEVEL = "-Owholemodule";
				VALIDATE_PRODUCT = YES;
			};
			name = Release;
		};
		6A9FCD041F3A096A00D4FE8B /* Debug */ = {
			isa = XCBuildConfiguration;
			buildSettings = {
				ASSETCATALOG_COMPILER_APPICON_NAME = AppIcon;
				DEVELOPMENT_TEAM = M22R2KZW75;
				INFOPLIST_FILE = Lockpicker/Info.plist;
				LD_RUNPATH_SEARCH_PATHS = "$(inherited) @executable_path/Frameworks";
				PRODUCT_BUNDLE_IDENTIFIER = prmdl.Lockpicker;
				PRODUCT_NAME = "$(TARGET_NAME)";
				SWIFT_VERSION = 3.0;
			};
			name = Debug;
		};
		6A9FCD051F3A096A00D4FE8B /* Release */ = {
			isa = XCBuildConfiguration;
			buildSettings = {
				ASSETCATALOG_COMPILER_APPICON_NAME = AppIcon;
				DEVELOPMENT_TEAM = M22R2KZW75;
				INFOPLIST_FILE = Lockpicker/Info.plist;
				LD_RUNPATH_SEARCH_PATHS = "$(inherited) @executable_path/Frameworks";
				PRODUCT_BUNDLE_IDENTIFIER = prmdl.Lockpicker;
				PRODUCT_NAME = "$(TARGET_NAME)";
				SWIFT_VERSION = 3.0;
			};
			name = Release;
		};
/* End XCBuildConfiguration section */

/* Begin XCConfigurationList section */
		6A9FCCEC1F3A096A00D4FE8B /* Build configuration list for PBXProject "Lockpicker" */ = {
			isa = XCConfigurationList;
			buildConfigurations = (
				6A9FCD011F3A096A00D4FE8B /* Debug */,
				6A9FCD021F3A096A00D4FE8B /* Release */,
			);
			defaultConfigurationIsVisible = 0;
			defaultConfigurationName = Release;
		};
		6A9FCD031F3A096A00D4FE8B /* Build configuration list for PBXNativeTarget "Lockpicker" */ = {
			isa = XCConfigurationList;
			buildConfigurations = (
				6A9FCD041F3A096A00D4FE8B /* Debug */,
				6A9FCD051F3A096A00D4FE8B /* Release */,
			);
			defaultConfigurationIsVisible = 0;
			defaultConfigurationName = Release;
		};
/* End XCConfigurationList section */
	};
	rootObject = 6A9FCCE91F3A096A00D4FE8B /* Project object */;
}
